// !$*UTF8*$!
{
	archiveVersion = 1;
	classes = {
	};
	objectVersion = 48;
	objects = {

/* Begin PBXBuildFile section */
		06A00ADA20363799009EABF4 /* AppDelegate.m in Sources */ = {isa = PBXBuildFile; fileRef = 06A00AD920363799009EABF4 /* AppDelegate.m */; };
		06A00ADD20363799009EABF4 /* MainViewController.m in Sources */ = {isa = PBXBuildFile; fileRef = 06A00ADC20363799009EABF4 /* MainViewController.m */; };
		06A00AE020363799009EABF4 /* Main.storyboard in Resources */ = {isa = PBXBuildFile; fileRef = 06A00ADE20363799009EABF4 /* Main.storyboard */; };
		06A00AE320363799009EABF4 /* MarvelUniverseImages.xcdatamodeld in Sources */ = {isa = PBXBuildFile; fileRef = 06A00AE120363799009EABF4 /* MarvelUniverseImages.xcdatamodeld */; };
		06A00AE520363799009EABF4 /* Assets.xcassets in Resources */ = {isa = PBXBuildFile; fileRef = 06A00AE420363799009EABF4 /* Assets.xcassets */; };
		06A00AE820363799009EABF4 /* LaunchScreen.storyboard in Resources */ = {isa = PBXBuildFile; fileRef = 06A00AE620363799009EABF4 /* LaunchScreen.storyboard */; };
		06A00AEB20363799009EABF4 /* main.m in Sources */ = {isa = PBXBuildFile; fileRef = 06A00AEA20363799009EABF4 /* main.m */; };
		06A00AF920374868009EABF4 /* Character.m in Sources */ = {isa = PBXBuildFile; fileRef = 06A00AF820374868009EABF4 /* Character.m */; };
		06CE3B92203F5DAA00DCBD92 /* DetailViewController.m in Sources */ = {isa = PBXBuildFile; fileRef = 06CE3B91203F5DAA00DCBD92 /* DetailViewController.m */; };
		06CE3B96203F6D8A00DCBD92 /* CharacterTableViewCell.m in Sources */ = {isa = PBXBuildFile; fileRef = 06CE3B95203F6D8A00DCBD92 /* CharacterTableViewCell.m */; };
		DC76E285C5EC7B25C074CBCA /* libPods-MarvelUniverseImages.a in Frameworks */ = {isa = PBXBuildFile; fileRef = 445E543F893977503893D4BB /* libPods-MarvelUniverseImages.a */; };
/* End PBXBuildFile section */

/* Begin PBXFileReference section */
		06A00AD520363799009EABF4 /* MarvelUniverseImages.app */ = {isa = PBXFileReference; explicitFileType = wrapper.application; includeInIndex = 0; path = MarvelUniverseImages.app; sourceTree = BUILT_PRODUCTS_DIR; };
		06A00AD820363799009EABF4 /* AppDelegate.h */ = {isa = PBXFileReference; lastKnownFileType = sourcecode.c.h; path = AppDelegate.h; sourceTree = "<group>"; };
		06A00AD920363799009EABF4 /* AppDelegate.m */ = {isa = PBXFileReference; lastKnownFileType = sourcecode.c.objc; path = AppDelegate.m; sourceTree = "<group>"; };
		06A00ADB20363799009EABF4 /* MainViewController.h */ = {isa = PBXFileReference; lastKnownFileType = sourcecode.c.h; path = MainViewController.h; sourceTree = "<group>"; };
		06A00ADC20363799009EABF4 /* MainViewController.m */ = {isa = PBXFileReference; lastKnownFileType = sourcecode.c.objc; path = MainViewController.m; sourceTree = "<group>"; };
		06A00ADF20363799009EABF4 /* Base */ = {isa = PBXFileReference; lastKnownFileType = file.storyboard; name = Base; path = Base.lproj/Main.storyboard; sourceTree = "<group>"; };
		06A00AE220363799009EABF4 /* MarvelUniverseImages.xcdatamodel */ = {isa = PBXFileReference; lastKnownFileType = wrapper.xcdatamodel; path = MarvelUniverseImages.xcdatamodel; sourceTree = "<group>"; };
		06A00AE420363799009EABF4 /* Assets.xcassets */ = {isa = PBXFileReference; lastKnownFileType = folder.assetcatalog; path = Assets.xcassets; sourceTree = "<group>"; };
		06A00AE720363799009EABF4 /* Base */ = {isa = PBXFileReference; lastKnownFileType = file.storyboard; name = Base; path = Base.lproj/LaunchScreen.storyboard; sourceTree = "<group>"; };
		06A00AE920363799009EABF4 /* Info.plist */ = {isa = PBXFileReference; lastKnownFileType = text.plist.xml; path = Info.plist; sourceTree = "<group>"; };
		06A00AEA20363799009EABF4 /* main.m */ = {isa = PBXFileReference; lastKnownFileType = sourcecode.c.objc; path = main.m; sourceTree = "<group>"; };
		06A00AF720374868009EABF4 /* Character.h */ = {isa = PBXFileReference; lastKnownFileType = sourcecode.c.h; path = Character.h; sourceTree = "<group>"; };
		06A00AF820374868009EABF4 /* Character.m */ = {isa = PBXFileReference; lastKnownFileType = sourcecode.c.objc; path = Character.m; sourceTree = "<group>"; };
		06CE3B90203F5DAA00DCBD92 /* DetailViewController.h */ = {isa = PBXFileReference; lastKnownFileType = sourcecode.c.h; path = DetailViewController.h; sourceTree = "<group>"; };
		06CE3B91203F5DAA00DCBD92 /* DetailViewController.m */ = {isa = PBXFileReference; lastKnownFileType = sourcecode.c.objc; path = DetailViewController.m; sourceTree = "<group>"; };
		06CE3B94203F6D8A00DCBD92 /* CharacterTableViewCell.h */ = {isa = PBXFileReference; lastKnownFileType = sourcecode.c.h; path = CharacterTableViewCell.h; sourceTree = "<group>"; };
		06CE3B95203F6D8A00DCBD92 /* CharacterTableViewCell.m */ = {isa = PBXFileReference; lastKnownFileType = sourcecode.c.objc; path = CharacterTableViewCell.m; sourceTree = "<group>"; };
		445E543F893977503893D4BB /* libPods-MarvelUniverseImages.a */ = {isa = PBXFileReference; explicitFileType = archive.ar; includeInIndex = 0; path = "libPods-MarvelUniverseImages.a"; sourceTree = BUILT_PRODUCTS_DIR; };
		45634831BD80B7620BE00ACC /* Pods-MarvelUniverseImages.release.xcconfig */ = {isa = PBXFileReference; includeInIndex = 1; lastKnownFileType = text.xcconfig; name = "Pods-MarvelUniverseImages.release.xcconfig"; path = "Pods/Target Support Files/Pods-MarvelUniverseImages/Pods-MarvelUniverseImages.release.xcconfig"; sourceTree = "<group>"; };
		BDD32A8F19063D6887A8901A /* Pods-MarvelUniverseImages.debug.xcconfig */ = {isa = PBXFileReference; includeInIndex = 1; lastKnownFileType = text.xcconfig; name = "Pods-MarvelUniverseImages.debug.xcconfig"; path = "Pods/Target Support Files/Pods-MarvelUniverseImages/Pods-MarvelUniverseImages.debug.xcconfig"; sourceTree = "<group>"; };
/* End PBXFileReference section */

/* Begin PBXFrameworksBuildPhase section */
		06A00AD220363799009EABF4 /* Frameworks */ = {
			isa = PBXFrameworksBuildPhase;
			buildActionMask = 2147483647;
			files = (
				DC76E285C5EC7B25C074CBCA /* libPods-MarvelUniverseImages.a in Frameworks */,
			);
			runOnlyForDeploymentPostprocessing = 0;
		};
/* End PBXFrameworksBuildPhase section */

/* Begin PBXGroup section */
		06A00ACC20363799009EABF4 = {
			isa = PBXGroup;
			children = (
				06A00AD720363799009EABF4 /* MarvelUniverseImages */,
				06A00AD620363799009EABF4 /* Products */,
				11D8D64695D7F79D925D5E4F /* Pods */,
				FA0D3D951241F1A5F479F201 /* Frameworks */,
			);
			sourceTree = "<group>";
		};
		06A00AD620363799009EABF4 /* Products */ = {
			isa = PBXGroup;
			children = (
				06A00AD520363799009EABF4 /* MarvelUniverseImages.app */,
			);
			name = Products;
			sourceTree = "<group>";
		};
		06A00AD720363799009EABF4 /* MarvelUniverseImages */ = {
			isa = PBXGroup;
			children = (
				06A00AF320371E8B009EABF4 /* Services */,
				06A00AF220371E79009EABF4 /* ViewControllers */,
				06A00AF120371E66009EABF4 /* Models */,
				06A00AD820363799009EABF4 /* AppDelegate.h */,
				06A00AD920363799009EABF4 /* AppDelegate.m */,
				06A00ADE20363799009EABF4 /* Main.storyboard */,
				06A00AE420363799009EABF4 /* Assets.xcassets */,
				06A00AE620363799009EABF4 /* LaunchScreen.storyboard */,
				06A00AE920363799009EABF4 /* Info.plist */,
				06A00AEA20363799009EABF4 /* main.m */,
				06A00AE120363799009EABF4 /* MarvelUniverseImages.xcdatamodeld */,
			);
			path = MarvelUniverseImages;
			sourceTree = "<group>";
		};
		06A00AF120371E66009EABF4 /* Models */ = {
			isa = PBXGroup;
			children = (
				06A00AF720374868009EABF4 /* Character.h */,
				06A00AF820374868009EABF4 /* Character.m */,
			);
			path = Models;
			sourceTree = "<group>";
		};
		06A00AF220371E79009EABF4 /* ViewControllers */ = {
			isa = PBXGroup;
			children = (
				06CE3B93203F5EC900DCBD92 /* CustomCells */,
				06A00ADC20363799009EABF4 /* MainViewController.m */,
				06A00ADB20363799009EABF4 /* MainViewController.h */,
				06CE3B90203F5DAA00DCBD92 /* DetailViewController.h */,
				06CE3B91203F5DAA00DCBD92 /* DetailViewController.m */,
			);
			path = ViewControllers;
			sourceTree = "<group>";
		};
		06A00AF320371E8B009EABF4 /* Services */ = {
			isa = PBXGroup;
			children = (
				06A00AF420371E99009EABF4 /* Networking */,
			);
			path = Services;
			sourceTree = "<group>";
		};
		06A00AF420371E99009EABF4 /* Networking */ = {
			isa = PBXGroup;
			children = (
			);
			path = Networking;
			sourceTree = "<group>";
		};
		06CE3B93203F5EC900DCBD92 /* CustomCells */ = {
			isa = PBXGroup;
			children = (
				06CE3B94203F6D8A00DCBD92 /* CharacterTableViewCell.h */,
				06CE3B95203F6D8A00DCBD92 /* CharacterTableViewCell.m */,
			);
			path = CustomCells;
			sourceTree = "<group>";
		};
		11D8D64695D7F79D925D5E4F /* Pods */ = {
			isa = PBXGroup;
			children = (
				BDD32A8F19063D6887A8901A /* Pods-MarvelUniverseImages.debug.xcconfig */,
				45634831BD80B7620BE00ACC /* Pods-MarvelUniverseImages.release.xcconfig */,
			);
			name = Pods;
			sourceTree = "<group>";
		};
		FA0D3D951241F1A5F479F201 /* Frameworks */ = {
			isa = PBXGroup;
			children = (
				445E543F893977503893D4BB /* libPods-MarvelUniverseImages.a */,
			);
			name = Frameworks;
			sourceTree = "<group>";
		};
/* End PBXGroup section */

/* Begin PBXNativeTarget section */
		06A00AD420363799009EABF4 /* MarvelUniverseImages */ = {
			isa = PBXNativeTarget;
			buildConfigurationList = 06A00AEE20363799009EABF4 /* Build configuration list for PBXNativeTarget "MarvelUniverseImages" */;
			buildPhases = (
				1A11FC9E6996E98923EA7A00 /* [CP] Check Pods Manifest.lock */,
				06A00AD120363799009EABF4 /* Sources */,
				06A00AD220363799009EABF4 /* Frameworks */,
				06A00AD320363799009EABF4 /* Resources */,
				DFAC248F9EB895D30FE8D1BA /* [CP] Embed Pods Frameworks */,
				ED98AA4C553FFD246ABF99C5 /* [CP] Copy Pods Resources */,
			);
			buildRules = (
			);
			dependencies = (
			);
			name = MarvelUniverseImages;
			productName = MarvelUniverseImages;
			productReference = 06A00AD520363799009EABF4 /* MarvelUniverseImages.app */;
			productType = "com.apple.product-type.application";
		};
/* End PBXNativeTarget section */

/* Begin PBXProject section */
		06A00ACD20363799009EABF4 /* Project object */ = {
			isa = PBXProject;
			attributes = {
				LastUpgradeCheck = 0920;
				ORGANIZATIONNAME = Katerina;
				TargetAttributes = {
					06A00AD420363799009EABF4 = {
						CreatedOnToolsVersion = 9.2;
						ProvisioningStyle = Automatic;
					};
				};
			};
			buildConfigurationList = 06A00AD020363799009EABF4 /* Build configuration list for PBXProject "MarvelUniverseImages" */;
			compatibilityVersion = "Xcode 8.0";
			developmentRegion = en;
			hasScannedForEncodings = 0;
			knownRegions = (
				en,
				Base,
			);
			mainGroup = 06A00ACC20363799009EABF4;
			productRefGroup = 06A00AD620363799009EABF4 /* Products */;
			projectDirPath = "";
			projectRoot = "";
			targets = (
				06A00AD420363799009EABF4 /* MarvelUniverseImages */,
			);
		};
/* End PBXProject section */

/* Begin PBXResourcesBuildPhase section */
		06A00AD320363799009EABF4 /* Resources */ = {
			isa = PBXResourcesBuildPhase;
			buildActionMask = 2147483647;
			files = (
				06A00AE820363799009EABF4 /* LaunchScreen.storyboard in Resources */,
				06A00AE520363799009EABF4 /* Assets.xcassets in Resources */,
				06A00AE020363799009EABF4 /* Main.storyboard in Resources */,
			);
			runOnlyForDeploymentPostprocessing = 0;
		};
/* End PBXResourcesBuildPhase section */

/* Begin PBXShellScriptBuildPhase section */
		1A11FC9E6996E98923EA7A00 /* [CP] Check Pods Manifest.lock */ = {
			isa = PBXShellScriptBuildPhase;
			buildActionMask = 2147483647;
			files = (
			);
			inputPaths = (
				"${PODS_PODFILE_DIR_PATH}/Podfile.lock",
				"${PODS_ROOT}/Manifest.lock",
			);
			name = "[CP] Check Pods Manifest.lock";
			outputPaths = (
				"$(DERIVED_FILE_DIR)/Pods-MarvelUniverseImages-checkManifestLockResult.txt",
			);
			runOnlyForDeploymentPostprocessing = 0;
			shellPath = /bin/sh;
			shellScript = "diff \"${PODS_PODFILE_DIR_PATH}/Podfile.lock\" \"${PODS_ROOT}/Manifest.lock\" > /dev/null\nif [ $? != 0 ] ; then\n    # print error to STDERR\n    echo \"error: The sandbox is not in sync with the Podfile.lock. Run 'pod install' or update your CocoaPods installation.\" >&2\n    exit 1\nfi\n# This output is used by Xcode 'outputs' to avoid re-running this script phase.\necho \"SUCCESS\" > \"${SCRIPT_OUTPUT_FILE_0}\"\n";
			showEnvVarsInLog = 0;
		};
		DFAC248F9EB895D30FE8D1BA /* [CP] Embed Pods Frameworks */ = {
			isa = PBXShellScriptBuildPhase;
			buildActionMask = 2147483647;
			files = (
			);
			inputPaths = (
			);
			name = "[CP] Embed Pods Frameworks";
			outputPaths = (
			);
			runOnlyForDeploymentPostprocessing = 0;
			shellPath = /bin/sh;
			shellScript = "\"${SRCROOT}/Pods/Target Support Files/Pods-MarvelUniverseImages/Pods-MarvelUniverseImages-frameworks.sh\"\n";
			showEnvVarsInLog = 0;
		};
		ED98AA4C553FFD246ABF99C5 /* [CP] Copy Pods Resources */ = {
			isa = PBXShellScriptBuildPhase;
			buildActionMask = 2147483647;
			files = (
			);
			inputPaths = (
			);
			name = "[CP] Copy Pods Resources";
			outputPaths = (
			);
			runOnlyForDeploymentPostprocessing = 0;
			shellPath = /bin/sh;
			shellScript = "\"${SRCROOT}/Pods/Target Support Files/Pods-MarvelUniverseImages/Pods-MarvelUniverseImages-resources.sh\"\n";
			showEnvVarsInLog = 0;
		};
/* End PBXShellScriptBuildPhase section */

/* Begin PBXSourcesBuildPhase section */
		06A00AD120363799009EABF4 /* Sources */ = {
			isa = PBXSourcesBuildPhase;
			buildActionMask = 2147483647;
			files = (
				06A00AE320363799009EABF4 /* MarvelUniverseImages.xcdatamodeld in Sources */,
				06A00AF920374868009EABF4 /* Character.m in Sources */,
				06A00ADD20363799009EABF4 /* MainViewController.m in Sources */,
				06A00AEB20363799009EABF4 /* main.m in Sources */,
				06A00ADA20363799009EABF4 /* AppDelegate.m in Sources */,
				06CE3B96203F6D8A00DCBD92 /* CharacterTableViewCell.m in Sources */,
				06CE3B92203F5DAA00DCBD92 /* DetailViewController.m in Sources */,
			);
			runOnlyForDeploymentPostprocessing = 0;
		};
/* End PBXSourcesBuildPhase section */

/* Begin PBXVariantGroup section */
		06A00ADE20363799009EABF4 /* Main.storyboard */ = {
			isa = PBXVariantGroup;
			children = (
				06A00ADF20363799009EABF4 /* Base */,
			);
			name = Main.storyboard;
			sourceTree = "<group>";
		};
		06A00AE620363799009EABF4 /* LaunchScreen.storyboard */ = {
			isa = PBXVariantGroup;
			children = (
				06A00AE720363799009EABF4 /* Base */,
			);
			name = LaunchScreen.storyboard;
			sourceTree = "<group>";
		};
/* End PBXVariantGroup section */

/* Begin XCBuildConfiguration section */
		06A00AEC20363799009EABF4 /* Debug */ = {
			isa = XCBuildConfiguration;
			buildSettings = {
				ALWAYS_SEARCH_USER_PATHS = NO;
				CLANG_ANALYZER_NONNULL = YES;
				CLANG_ANALYZER_NUMBER_OBJECT_CONVERSION = YES_AGGRESSIVE;
				CLANG_CXX_LANGUAGE_STANDARD = "gnu++14";
				CLANG_CXX_LIBRARY = "libc++";
				CLANG_ENABLE_MODULES = YES;
				CLANG_ENABLE_OBJC_ARC = YES;
				CLANG_WARN_BLOCK_CAPTURE_AUTORELEASING = YES;
				CLANG_WARN_BOOL_CONVERSION = YES;
				CLANG_WARN_COMMA = YES;
				CLANG_WARN_CONSTANT_CONVERSION = YES;
				CLANG_WARN_DIRECT_OBJC_ISA_USAGE = YES_ERROR;
				CLANG_WARN_DOCUMENTATION_COMMENTS = YES;
				CLANG_WARN_EMPTY_BODY = YES;
				CLANG_WARN_ENUM_CONVERSION = YES;
				CLANG_WARN_INFINITE_RECURSION = YES;
				CLANG_WARN_INT_CONVERSION = YES;
				CLANG_WARN_NON_LITERAL_NULL_CONVERSION = YES;
				CLANG_WARN_OBJC_LITERAL_CONVERSION = YES;
				CLANG_WARN_OBJC_ROOT_CLASS = YES_ERROR;
				CLANG_WARN_RANGE_LOOP_ANALYSIS = YES;
				CLANG_WARN_STRICT_PROTOTYPES = YES;
				CLANG_WARN_SUSPICIOUS_MOVE = YES;
				CLANG_WARN_UNGUARDED_AVAILABILITY = YES_AGGRESSIVE;
				CLANG_WARN_UNREACHABLE_CODE = YES;
				CLANG_WARN__DUPLICATE_METHOD_MATCH = YES;
				CODE_SIGN_IDENTITY = "iPhone Developer";
				COPY_PHASE_STRIP = NO;
				DEBUG_INFORMATION_FORMAT = dwarf;
				ENABLE_STRICT_OBJC_MSGSEND = YES;
				ENABLE_TESTABILITY = YES;
				GCC_C_LANGUAGE_STANDARD = gnu11;
				GCC_DYNAMIC_NO_PIC = NO;
				GCC_NO_COMMON_BLOCKS = YES;
				GCC_OPTIMIZATION_LEVEL = 0;
				GCC_PREPROCESSOR_DEFINITIONS = (
					"DEBUG=1",
					"$(inherited)",
				);
				GCC_WARN_64_TO_32_BIT_CONVERSION = YES;
				GCC_WARN_ABOUT_RETURN_TYPE = YES_ERROR;
				GCC_WARN_UNDECLARED_SELECTOR = YES;
				GCC_WARN_UNINITIALIZED_AUTOS = YES_AGGRESSIVE;
				GCC_WARN_UNUSED_FUNCTION = YES;
				GCC_WARN_UNUSED_VARIABLE = YES;
				IPHONEOS_DEPLOYMENT_TARGET = 11.2;
				MTL_ENABLE_DEBUG_INFO = YES;
				ONLY_ACTIVE_ARCH = YES;
				SDKROOT = iphoneos;
			};
			name = Debug;
		};
		06A00AED20363799009EABF4 /* Release */ = {
			isa = XCBuildConfiguration;
			buildSettings = {
				ALWAYS_SEARCH_USER_PATHS = NO;
				CLANG_ANALYZER_NONNULL = YES;
				CLANG_ANALYZER_NUMBER_OBJECT_CONVERSION = YES_AGGRESSIVE;
				CLANG_CXX_LANGUAGE_STANDARD = "gnu++14";
				CLANG_CXX_LIBRARY = "libc++";
				CLANG_ENABLE_MODULES = YES;
				CLANG_ENABLE_OBJC_ARC = YES;
				CLANG_WARN_BLOCK_CAPTURE_AUTORELEASING = YES;
				CLANG_WARN_BOOL_CONVERSION = YES;
				CLANG_WARN_COMMA = YES;
				CLANG_WARN_CONSTANT_CONVERSION = YES;
				CLANG_WARN_DIRECT_OBJC_ISA_USAGE = YES_ERROR;
				CLANG_WARN_DOCUMENTATION_COMMENTS = YES;
				CLANG_WARN_EMPTY_BODY = YES;
				CLANG_WARN_ENUM_CONVERSION = YES;
				CLANG_WARN_INFINITE_RECURSION = YES;
				CLANG_WARN_INT_CONVERSION = YES;
				CLANG_WARN_NON_LITERAL_NULL_CONVERSION = YES;
				CLANG_WARN_OBJC_LITERAL_CONVERSION = YES;
				CLANG_WARN_OBJC_ROOT_CLASS = YES_ERROR;
				CLANG_WARN_RANGE_LOOP_ANALYSIS = YES;
				CLANG_WARN_STRICT_PROTOTYPES = YES;
				CLANG_WARN_SUSPICIOUS_MOVE = YES;
				CLANG_WARN_UNGUARDED_AVAILABILITY = YES_AGGRESSIVE;
				CLANG_WARN_UNREACHABLE_CODE = YES;
				CLANG_WARN__DUPLICATE_METHOD_MATCH = YES;
				CODE_SIGN_IDENTITY = "iPhone Developer";
				COPY_PHASE_STRIP = NO;
				DEBUG_INFORMATION_FORMAT = "dwarf-with-dsym";
				ENABLE_NS_ASSERTIONS = NO;
				ENABLE_STRICT_OBJC_MSGSEND = YES;
				GCC_C_LANGUAGE_STANDARD = gnu11;
				GCC_NO_COMMON_BLOCKS = YES;
				GCC_WARN_64_TO_32_BIT_CONVERSION = YES;
				GCC_WARN_ABOUT_RETURN_TYPE = YES_ERROR;
				GCC_WARN_UNDECLARED_SELECTOR = YES;
				GCC_WARN_UNINITIALIZED_AUTOS = YES_AGGRESSIVE;
				GCC_WARN_UNUSED_FUNCTION = YES;
				GCC_WARN_UNUSED_VARIABLE = YES;
				IPHONEOS_DEPLOYMENT_TARGET = 11.2;
				MTL_ENABLE_DEBUG_INFO = NO;
				SDKROOT = iphoneos;
				VALIDATE_PRODUCT = YES;
			};
			name = Release;
		};
		06A00AEF20363799009EABF4 /* Debug */ = {
			isa = XCBuildConfiguration;
			baseConfigurationReference = BDD32A8F19063D6887A8901A /* Pods-MarvelUniverseImages.debug.xcconfig */;
			buildSettings = {
				ASSETCATALOG_COMPILER_APPICON_NAME = AppIcon;
				CODE_SIGN_STYLE = Automatic;
				DEVELOPMENT_TEAM = 9VD9T9R724;
				INFOPLIST_FILE = MarvelUniverseImages/Info.plist;
				LD_RUNPATH_SEARCH_PATHS = "$(inherited) @executable_path/Frameworks";
				PRODUCT_BUNDLE_IDENTIFIER = ua.katerinanikolaenko.MarvelUniverseImages;
				PRODUCT_NAME = "$(TARGET_NAME)";
				TARGETED_DEVICE_FAMILY = "1,2";
			};
			name = Debug;
		};
		06A00AF020363799009EABF4 /* Release */ = {
			isa = XCBuildConfiguration;
			baseConfigurationReference = 45634831BD80B7620BE00ACC /* Pods-MarvelUniverseImages.release.xcconfig */;
			buildSettings = {
				ASSETCATALOG_COMPILER_APPICON_NAME = AppIcon;
				CODE_SIGN_STYLE = Automatic;
				DEVELOPMENT_TEAM = 9VD9T9R724;
				INFOPLIST_FILE = MarvelUniverseImages/Info.plist;
				LD_RUNPATH_SEARCH_PATHS = "$(inherited) @executable_path/Frameworks";
				PRODUCT_BUNDLE_IDENTIFIER = ua.katerinanikolaenko.MarvelUniverseImages;
				PRODUCT_NAME = "$(TARGET_NAME)";
				TARGETED_DEVICE_FAMILY = "1,2";
			};
			name = Release;
		};
/* End XCBuildConfiguration section */

/* Begin XCConfigurationList section */
		06A00AD020363799009EABF4 /* Build configuration list for PBXProject "MarvelUniverseImages" */ = {
			isa = XCConfigurationList;
			buildConfigurations = (
				06A00AEC20363799009EABF4 /* Debug */,
				06A00AED20363799009EABF4 /* Release */,
			);
			defaultConfigurationIsVisible = 0;
			defaultConfigurationName = Release;
		};
		06A00AEE20363799009EABF4 /* Build configuration list for PBXNativeTarget "MarvelUniverseImages" */ = {
			isa = XCConfigurationList;
			buildConfigurations = (
				06A00AEF20363799009EABF4 /* Debug */,
				06A00AF020363799009EABF4 /* Release */,
			);
			defaultConfigurationIsVisible = 0;
			defaultConfigurationName = Release;
		};
/* End XCConfigurationList section */

/* Begin XCVersionGroup section */
		06A00AE120363799009EABF4 /* MarvelUniverseImages.xcdatamodeld */ = {
			isa = XCVersionGroup;
			children = (
				06A00AE220363799009EABF4 /* MarvelUniverseImages.xcdatamodel */,
			);
			currentVersion = 06A00AE220363799009EABF4 /* MarvelUniverseImages.xcdatamodel */;
			path = MarvelUniverseImages.xcdatamodeld;
			sourceTree = "<group>";
			versionGroupType = wrapper.xcdatamodel;
		};
/* End XCVersionGroup section */
	};
	rootObject = 06A00ACD20363799009EABF4 /* Project object */;
}
